dependencies:
- name: onelens-agent-base
  repository: oci://609916866699.dkr.ecr.ap-south-1.amazonaws.com/helm-charts
  version: v1.4.1
- name: prometheus
  repository: https://prometheus-community.github.io/helm-charts
  version: 27.3.0
- name: prometheus-opencost-exporter
  repository: https://prometheus-community.github.io/helm-charts
  version: 0.1.1
digest: sha256:feea6b1e9475d10aed6151adcda798918c198894d9edd768c0c17116758b3922
generated: "2025-08-14T12:43:16.377049+05:30"
